// !$*UTF8*$!
{
	archiveVersion = 1;
	classes = {
	};
	objectVersion = 56;
	objects = {

/* Begin PBXBuildFile section */
		650506B729FF67960009AB1E /* ConfettiItemView.swift in Sources */ = {isa = PBXBuildFile; fileRef = 650506B629FF67960009AB1E /* ConfettiItemView.swift */; };
		650506BA29FF68FD0009AB1E /* Confetti.swift in Sources */ = {isa = PBXBuildFile; fileRef = 650506B929FF68FD0009AB1E /* Confetti.swift */; };
		650506BC29FF6A1A0009AB1E /* ConfettiView.swift in Sources */ = {isa = PBXBuildFile; fileRef = 650506BB29FF6A1A0009AB1E /* ConfettiView.swift */; };
		650506BE29FFCB490009AB1E /* LevelDisplay.swift in Sources */ = {isa = PBXBuildFile; fileRef = 650506BD29FFCB490009AB1E /* LevelDisplay.swift */; };
		6555416A29FD24E100F44DBC /* TileBoard.swift in Sources */ = {isa = PBXBuildFile; fileRef = 65A8DDB329F6907B00D291C3 /* TileBoard.swift */; };
		6555416C29FD24F100F44DBC /* Game.swift in Sources */ = {isa = PBXBuildFile; fileRef = 65A8DDB129F640FB00D291C3 /* Game.swift */; };
		6555416D29FD24F100F44DBC /* GameColors.swift in Sources */ = {isa = PBXBuildFile; fileRef = 65A8DDBD29F7957B00D291C3 /* GameColors.swift */; };
		6555416E29FD24FC00F44DBC /* InputLetter.swift in Sources */ = {isa = PBXBuildFile; fileRef = 65A8DDBF29F79CCB00D291C3 /* InputLetter.swift */; };
		6555416F29FD24FC00F44DBC /* StringExtensions.swift in Sources */ = {isa = PBXBuildFile; fileRef = 65A8DDEF29FCF62900D291C3 /* StringExtensions.swift */; };
		6555417129FD258100F44DBC /* WordListTest.swift in Sources */ = {isa = PBXBuildFile; fileRef = 6555417029FD258100F44DBC /* WordListTest.swift */; };
		6555417329FD263800F44DBC /* TileBoardTest.swift in Sources */ = {isa = PBXBuildFile; fileRef = 6555417229FD263800F44DBC /* TileBoardTest.swift */; };
		6555417729FE1FF300F44DBC /* InputWord.swift in Sources */ = {isa = PBXBuildFile; fileRef = 6555417629FE1FF300F44DBC /* InputWord.swift */; };
		6555417929FE2D2A00F44DBC /* Selection.swift in Sources */ = {isa = PBXBuildFile; fileRef = 6555417829FE2D2A00F44DBC /* Selection.swift */; };
		6555417B29FE38CB00F44DBC /* SelectionTest.swift in Sources */ = {isa = PBXBuildFile; fileRef = 6555417A29FE38CB00F44DBC /* SelectionTest.swift */; };
		6555417C29FE391E00F44DBC /* InputWord.swift in Sources */ = {isa = PBXBuildFile; fileRef = 6555417629FE1FF300F44DBC /* InputWord.swift */; };
		6555417D29FE391E00F44DBC /* Selection.swift in Sources */ = {isa = PBXBuildFile; fileRef = 6555417829FE2D2A00F44DBC /* Selection.swift */; };
		6555417F29FE3D2C00F44DBC /* InputWordTest.swift in Sources */ = {isa = PBXBuildFile; fileRef = 6555417E29FE3D2C00F44DBC /* InputWordTest.swift */; };
		6555418129FE748000F44DBC /* SelectedWordLines.swift in Sources */ = {isa = PBXBuildFile; fileRef = 6555418029FE748000F44DBC /* SelectedWordLines.swift */; };
		65A8DDA029F56E4500D291C3 /* TileView.swift in Sources */ = {isa = PBXBuildFile; fileRef = 65A8DD9F29F56E4500D291C3 /* TileView.swift */; };
		65A8DDA629F57E3600D291C3 /* CrosswordView.swift in Sources */ = {isa = PBXBuildFile; fileRef = 65A8DDA529F57E3600D291C3 /* CrosswordView.swift */; };
		65A8DDB029F63B6100D291C3 /* GameData.swift in Sources */ = {isa = PBXBuildFile; fileRef = 65A8DDAF29F63B6100D291C3 /* GameData.swift */; };
		65A8DDB229F640FB00D291C3 /* Game.swift in Sources */ = {isa = PBXBuildFile; fileRef = 65A8DDB129F640FB00D291C3 /* Game.swift */; };
		65A8DDB429F6907B00D291C3 /* TileBoard.swift in Sources */ = {isa = PBXBuildFile; fileRef = 65A8DDB329F6907B00D291C3 /* TileBoard.swift */; };
		65A8DDB829F6F03100D291C3 /* InputWheelBackground.swift in Sources */ = {isa = PBXBuildFile; fileRef = 65A8DDB729F6F03100D291C3 /* InputWheelBackground.swift */; };
		65A8DDBC29F78F3000D291C3 /* InputWheelView.swift in Sources */ = {isa = PBXBuildFile; fileRef = 65A8DDBB29F78F3000D291C3 /* InputWheelView.swift */; };
		65A8DDBE29F7957B00D291C3 /* GameColors.swift in Sources */ = {isa = PBXBuildFile; fileRef = 65A8DDBD29F7957B00D291C3 /* GameColors.swift */; };
		65A8DDC029F79CCB00D291C3 /* InputLetter.swift in Sources */ = {isa = PBXBuildFile; fileRef = 65A8DDBF29F79CCB00D291C3 /* InputLetter.swift */; };
		65A8DDC229F7B1B100D291C3 /* InputLetterView.swift in Sources */ = {isa = PBXBuildFile; fileRef = 65A8DDC129F7B1B100D291C3 /* InputLetterView.swift */; };
		65A8DDF029FCF62900D291C3 /* StringExtensions.swift in Sources */ = {isa = PBXBuildFile; fileRef = 65A8DDEF29FCF62900D291C3 /* StringExtensions.swift */; };
		65A8DE0429FCFB2F00D291C3 /* TileRow.swift in Sources */ = {isa = PBXBuildFile; fileRef = 65A8DE0329FCFB2F00D291C3 /* TileRow.swift */; };
		65A8DE0529FCFB2F00D291C3 /* TileRow.swift in Sources */ = {isa = PBXBuildFile; fileRef = 65A8DE0329FCFB2F00D291C3 /* TileRow.swift */; };
		65A8DE0729FCFB5300D291C3 /* TileCell.swift in Sources */ = {isa = PBXBuildFile; fileRef = 65A8DE0629FCFB5300D291C3 /* TileCell.swift */; };
		65A8DE0829FCFB5300D291C3 /* TileCell.swift in Sources */ = {isa = PBXBuildFile; fileRef = 65A8DE0629FCFB5300D291C3 /* TileCell.swift */; };
		65A8DE0A29FCFB8200D291C3 /* TileBoardWord.swift in Sources */ = {isa = PBXBuildFile; fileRef = 65A8DE0929FCFB8200D291C3 /* TileBoardWord.swift */; };
		65A8DE0B29FCFB8200D291C3 /* TileBoardWord.swift in Sources */ = {isa = PBXBuildFile; fileRef = 65A8DE0929FCFB8200D291C3 /* TileBoardWord.swift */; };
		65A8DE0E29FCFEDF00D291C3 /* GameConfig.swift in Sources */ = {isa = PBXBuildFile; fileRef = 65A8DE0D29FCFEDF00D291C3 /* GameConfig.swift */; };
		65A8DE0F29FCFEDF00D291C3 /* GameConfig.swift in Sources */ = {isa = PBXBuildFile; fileRef = 65A8DE0D29FCFEDF00D291C3 /* GameConfig.swift */; };
		65A8DE1929FCFFFD00D291C3 /* wlf3.txt in Resources */ = {isa = PBXBuildFile; fileRef = 65A8DE1429FCFFFD00D291C3 /* wlf3.txt */; };
		65A8DE1A29FCFFFD00D291C3 /* wlf3.txt in Resources */ = {isa = PBXBuildFile; fileRef = 65A8DE1429FCFFFD00D291C3 /* wlf3.txt */; };
		65A8DE1B29FCFFFD00D291C3 /* wlf6.txt in Resources */ = {isa = PBXBuildFile; fileRef = 65A8DE1529FCFFFD00D291C3 /* wlf6.txt */; };
		65A8DE1C29FCFFFD00D291C3 /* wlf6.txt in Resources */ = {isa = PBXBuildFile; fileRef = 65A8DE1529FCFFFD00D291C3 /* wlf6.txt */; };
		65A8DE1D29FCFFFD00D291C3 /* wlf4.txt in Resources */ = {isa = PBXBuildFile; fileRef = 65A8DE1629FCFFFD00D291C3 /* wlf4.txt */; };
		65A8DE1E29FCFFFD00D291C3 /* wlf4.txt in Resources */ = {isa = PBXBuildFile; fileRef = 65A8DE1629FCFFFD00D291C3 /* wlf4.txt */; };
		65A8DE1F29FCFFFD00D291C3 /* wlf2.txt in Resources */ = {isa = PBXBuildFile; fileRef = 65A8DE1729FCFFFD00D291C3 /* wlf2.txt */; };
		65A8DE2029FCFFFD00D291C3 /* wlf2.txt in Resources */ = {isa = PBXBuildFile; fileRef = 65A8DE1729FCFFFD00D291C3 /* wlf2.txt */; };
		65A8DE2129FCFFFD00D291C3 /* wlf5.txt in Resources */ = {isa = PBXBuildFile; fileRef = 65A8DE1829FCFFFD00D291C3 /* wlf5.txt */; };
		65A8DE2229FCFFFD00D291C3 /* wlf5.txt in Resources */ = {isa = PBXBuildFile; fileRef = 65A8DE1829FCFFFD00D291C3 /* wlf5.txt */; };
		65A8DE2429FD079C00D291C3 /* TileBackground.swift in Sources */ = {isa = PBXBuildFile; fileRef = 65A8DE2329FD079C00D291C3 /* TileBackground.swift */; };
		65A8DE2529FD079C00D291C3 /* TileBackground.swift in Sources */ = {isa = PBXBuildFile; fileRef = 65A8DE2329FD079C00D291C3 /* TileBackground.swift */; };
		65DC7ADA29F5528B008FB96E /* KosApp.swift in Sources */ = {isa = PBXBuildFile; fileRef = 65DC7AD929F5528B008FB96E /* KosApp.swift */; };
		65DC7ADC29F5528B008FB96E /* ContentView.swift in Sources */ = {isa = PBXBuildFile; fileRef = 65DC7ADB29F5528B008FB96E /* ContentView.swift */; };
		65DC7ADE29F5528C008FB96E /* Assets.xcassets in Resources */ = {isa = PBXBuildFile; fileRef = 65DC7ADD29F5528C008FB96E /* Assets.xcassets */; };
		65DC7AE129F5528C008FB96E /* Preview Assets.xcassets in Resources */ = {isa = PBXBuildFile; fileRef = 65DC7AE029F5528C008FB96E /* Preview Assets.xcassets */; };
		65DC7AEB29F5528C008FB96E /* KosTests.swift in Sources */ = {isa = PBXBuildFile; fileRef = 65DC7AEA29F5528C008FB96E /* KosTests.swift */; };
		65DC7B0729F5531B008FB96E /* Board.swift in Sources */ = {isa = PBXBuildFile; fileRef = 65DC7B0629F5531B008FB96E /* Board.swift */; };
		65DC7B0829F5531B008FB96E /* Board.swift in Sources */ = {isa = PBXBuildFile; fileRef = 65DC7B0629F5531B008FB96E /* Board.swift */; };
		65DC7B0A29F5532D008FB96E /* WordList.swift in Sources */ = {isa = PBXBuildFile; fileRef = 65DC7B0929F5532D008FB96E /* WordList.swift */; };
		65DC7B0B29F5532D008FB96E /* WordList.swift in Sources */ = {isa = PBXBuildFile; fileRef = 65DC7B0929F5532D008FB96E /* WordList.swift */; };
		65DC7B0D29F55332008FB96E /* Generator.swift in Sources */ = {isa = PBXBuildFile; fileRef = 65DC7B0C29F55332008FB96E /* Generator.swift */; };
		65DC7B0E29F55332008FB96E /* Generator.swift in Sources */ = {isa = PBXBuildFile; fileRef = 65DC7B0C29F55332008FB96E /* Generator.swift */; };
		65DC7B1029F55336008FB96E /* Matrix.swift in Sources */ = {isa = PBXBuildFile; fileRef = 65DC7B0F29F55336008FB96E /* Matrix.swift */; };
		65DC7B1129F55336008FB96E /* Matrix.swift in Sources */ = {isa = PBXBuildFile; fileRef = 65DC7B0F29F55336008FB96E /* Matrix.swift */; };
		65E04B2C29FFD8C500565A16 /* SelectedWordDisplay.swift in Sources */ = {isa = PBXBuildFile; fileRef = 65E04B2B29FFD8C500565A16 /* SelectedWordDisplay.swift */; };
		65E04B2E2A00CB6E00565A16 /* InputLetterPosition.swift in Sources */ = {isa = PBXBuildFile; fileRef = 65E04B2D2A00CB6E00565A16 /* InputLetterPosition.swift */; };
		65E04B302A00D08D00565A16 /* InputWheel.swift in Sources */ = {isa = PBXBuildFile; fileRef = 65E04B2F2A00D08D00565A16 /* InputWheel.swift */; };
		65E04B332A0222CE00565A16 /* Wiggle.swift in Sources */ = {isa = PBXBuildFile; fileRef = 65E04B322A0222CE00565A16 /* Wiggle.swift */; };
/* End PBXBuildFile section */

/* Begin PBXContainerItemProxy section */
		65DC7AE729F5528C008FB96E /* PBXContainerItemProxy */ = {
			isa = PBXContainerItemProxy;
			containerPortal = 65DC7ACE29F5528B008FB96E /* Project object */;
			proxyType = 1;
			remoteGlobalIDString = 65DC7AD529F5528B008FB96E;
			remoteInfo = Kos;
		};
/* End PBXContainerItemProxy section */

/* Begin PBXFileReference section */
		650506B629FF67960009AB1E /* ConfettiItemView.swift */ = {isa = PBXFileReference; lastKnownFileType = sourcecode.swift; path = ConfettiItemView.swift; sourceTree = "<group>"; };
		650506B929FF68FD0009AB1E /* Confetti.swift */ = {isa = PBXFileReference; lastKnownFileType = sourcecode.swift; path = Confetti.swift; sourceTree = "<group>"; };
		650506BB29FF6A1A0009AB1E /* ConfettiView.swift */ = {isa = PBXFileReference; lastKnownFileType = sourcecode.swift; path = ConfettiView.swift; sourceTree = "<group>"; };
		650506BD29FFCB490009AB1E /* LevelDisplay.swift */ = {isa = PBXFileReference; lastKnownFileType = sourcecode.swift; path = LevelDisplay.swift; sourceTree = "<group>"; };
		6555417029FD258100F44DBC /* WordListTest.swift */ = {isa = PBXFileReference; lastKnownFileType = sourcecode.swift; path = WordListTest.swift; sourceTree = "<group>"; };
		6555417229FD263800F44DBC /* TileBoardTest.swift */ = {isa = PBXFileReference; lastKnownFileType = sourcecode.swift; path = TileBoardTest.swift; sourceTree = "<group>"; };
		6555417629FE1FF300F44DBC /* InputWord.swift */ = {isa = PBXFileReference; lastKnownFileType = sourcecode.swift; path = InputWord.swift; sourceTree = "<group>"; };
		6555417829FE2D2A00F44DBC /* Selection.swift */ = {isa = PBXFileReference; lastKnownFileType = sourcecode.swift; path = Selection.swift; sourceTree = "<group>"; };
		6555417A29FE38CB00F44DBC /* SelectionTest.swift */ = {isa = PBXFileReference; lastKnownFileType = sourcecode.swift; path = SelectionTest.swift; sourceTree = "<group>"; };
		6555417E29FE3D2C00F44DBC /* InputWordTest.swift */ = {isa = PBXFileReference; lastKnownFileType = sourcecode.swift; path = InputWordTest.swift; sourceTree = "<group>"; };
		6555418029FE748000F44DBC /* SelectedWordLines.swift */ = {isa = PBXFileReference; lastKnownFileType = sourcecode.swift; path = SelectedWordLines.swift; sourceTree = "<group>"; };
		65A8DD9F29F56E4500D291C3 /* TileView.swift */ = {isa = PBXFileReference; lastKnownFileType = sourcecode.swift; path = TileView.swift; sourceTree = "<group>"; };
		65A8DDA529F57E3600D291C3 /* CrosswordView.swift */ = {isa = PBXFileReference; lastKnownFileType = sourcecode.swift; path = CrosswordView.swift; sourceTree = "<group>"; };
		65A8DDAF29F63B6100D291C3 /* GameData.swift */ = {isa = PBXFileReference; lastKnownFileType = sourcecode.swift; path = GameData.swift; sourceTree = "<group>"; };
		65A8DDB129F640FB00D291C3 /* Game.swift */ = {isa = PBXFileReference; lastKnownFileType = sourcecode.swift; path = Game.swift; sourceTree = "<group>"; };
		65A8DDB329F6907B00D291C3 /* TileBoard.swift */ = {isa = PBXFileReference; lastKnownFileType = sourcecode.swift; path = TileBoard.swift; sourceTree = "<group>"; };
		65A8DDB729F6F03100D291C3 /* InputWheelBackground.swift */ = {isa = PBXFileReference; lastKnownFileType = sourcecode.swift; path = InputWheelBackground.swift; sourceTree = "<group>"; };
		65A8DDBB29F78F3000D291C3 /* InputWheelView.swift */ = {isa = PBXFileReference; lastKnownFileType = sourcecode.swift; path = InputWheelView.swift; sourceTree = "<group>"; };
		65A8DDBD29F7957B00D291C3 /* GameColors.swift */ = {isa = PBXFileReference; lastKnownFileType = sourcecode.swift; path = GameColors.swift; sourceTree = "<group>"; };
		65A8DDBF29F79CCB00D291C3 /* InputLetter.swift */ = {isa = PBXFileReference; lastKnownFileType = sourcecode.swift; path = InputLetter.swift; sourceTree = "<group>"; };
		65A8DDC129F7B1B100D291C3 /* InputLetterView.swift */ = {isa = PBXFileReference; lastKnownFileType = sourcecode.swift; path = InputLetterView.swift; sourceTree = "<group>"; };
		65A8DDEF29FCF62900D291C3 /* StringExtensions.swift */ = {isa = PBXFileReference; lastKnownFileType = sourcecode.swift; path = StringExtensions.swift; sourceTree = "<group>"; };
		65A8DE0329FCFB2F00D291C3 /* TileRow.swift */ = {isa = PBXFileReference; lastKnownFileType = sourcecode.swift; path = TileRow.swift; sourceTree = "<group>"; };
		65A8DE0629FCFB5300D291C3 /* TileCell.swift */ = {isa = PBXFileReference; lastKnownFileType = sourcecode.swift; path = TileCell.swift; sourceTree = "<group>"; };
		65A8DE0929FCFB8200D291C3 /* TileBoardWord.swift */ = {isa = PBXFileReference; lastKnownFileType = sourcecode.swift; path = TileBoardWord.swift; sourceTree = "<group>"; };
		65A8DE0D29FCFEDF00D291C3 /* GameConfig.swift */ = {isa = PBXFileReference; lastKnownFileType = sourcecode.swift; path = GameConfig.swift; sourceTree = "<group>"; };
		65A8DE1429FCFFFD00D291C3 /* wlf3.txt */ = {isa = PBXFileReference; fileEncoding = 4; lastKnownFileType = text; name = wlf3.txt; path = dict/wlf3.txt; sourceTree = SOURCE_ROOT; };
		65A8DE1529FCFFFD00D291C3 /* wlf6.txt */ = {isa = PBXFileReference; fileEncoding = 4; lastKnownFileType = text; name = wlf6.txt; path = dict/wlf6.txt; sourceTree = SOURCE_ROOT; };
		65A8DE1629FCFFFD00D291C3 /* wlf4.txt */ = {isa = PBXFileReference; fileEncoding = 4; lastKnownFileType = text; name = wlf4.txt; path = dict/wlf4.txt; sourceTree = SOURCE_ROOT; };
		65A8DE1729FCFFFD00D291C3 /* wlf2.txt */ = {isa = PBXFileReference; fileEncoding = 4; lastKnownFileType = text; name = wlf2.txt; path = dict/wlf2.txt; sourceTree = SOURCE_ROOT; };
		65A8DE1829FCFFFD00D291C3 /* wlf5.txt */ = {isa = PBXFileReference; fileEncoding = 4; lastKnownFileType = text; name = wlf5.txt; path = dict/wlf5.txt; sourceTree = SOURCE_ROOT; };
		65A8DE2329FD079C00D291C3 /* TileBackground.swift */ = {isa = PBXFileReference; lastKnownFileType = sourcecode.swift; path = TileBackground.swift; sourceTree = "<group>"; };
		65DC7AD629F5528B008FB96E /* Kos.app */ = {isa = PBXFileReference; explicitFileType = wrapper.application; includeInIndex = 0; path = Kos.app; sourceTree = BUILT_PRODUCTS_DIR; };
		65DC7AD929F5528B008FB96E /* KosApp.swift */ = {isa = PBXFileReference; lastKnownFileType = sourcecode.swift; path = KosApp.swift; sourceTree = "<group>"; };
		65DC7ADB29F5528B008FB96E /* ContentView.swift */ = {isa = PBXFileReference; lastKnownFileType = sourcecode.swift; path = ContentView.swift; sourceTree = "<group>"; };
		65DC7ADD29F5528C008FB96E /* Assets.xcassets */ = {isa = PBXFileReference; lastKnownFileType = folder.assetcatalog; path = Assets.xcassets; sourceTree = "<group>"; };
		65DC7AE029F5528C008FB96E /* Preview Assets.xcassets */ = {isa = PBXFileReference; lastKnownFileType = folder.assetcatalog; path = "Preview Assets.xcassets"; sourceTree = "<group>"; };
		65DC7AE629F5528C008FB96E /* KosTests.xctest */ = {isa = PBXFileReference; explicitFileType = wrapper.cfbundle; includeInIndex = 0; path = KosTests.xctest; sourceTree = BUILT_PRODUCTS_DIR; };
		65DC7AEA29F5528C008FB96E /* KosTests.swift */ = {isa = PBXFileReference; lastKnownFileType = sourcecode.swift; path = KosTests.swift; sourceTree = "<group>"; };
		65DC7B0629F5531B008FB96E /* Board.swift */ = {isa = PBXFileReference; fileEncoding = 4; lastKnownFileType = sourcecode.swift; path = Board.swift; sourceTree = "<group>"; };
		65DC7B0929F5532D008FB96E /* WordList.swift */ = {isa = PBXFileReference; fileEncoding = 4; lastKnownFileType = sourcecode.swift; path = WordList.swift; sourceTree = "<group>"; };
		65DC7B0C29F55332008FB96E /* Generator.swift */ = {isa = PBXFileReference; fileEncoding = 4; lastKnownFileType = sourcecode.swift; path = Generator.swift; sourceTree = "<group>"; };
		65DC7B0F29F55336008FB96E /* Matrix.swift */ = {isa = PBXFileReference; fileEncoding = 4; lastKnownFileType = sourcecode.swift; path = Matrix.swift; sourceTree = "<group>"; };
		65E04B2B29FFD8C500565A16 /* SelectedWordDisplay.swift */ = {isa = PBXFileReference; lastKnownFileType = sourcecode.swift; path = SelectedWordDisplay.swift; sourceTree = "<group>"; };
		65E04B2D2A00CB6E00565A16 /* InputLetterPosition.swift */ = {isa = PBXFileReference; lastKnownFileType = sourcecode.swift; path = InputLetterPosition.swift; sourceTree = "<group>"; };
		65E04B2F2A00D08D00565A16 /* InputWheel.swift */ = {isa = PBXFileReference; lastKnownFileType = sourcecode.swift; path = InputWheel.swift; sourceTree = "<group>"; };
		65E04B322A0222CE00565A16 /* Wiggle.swift */ = {isa = PBXFileReference; lastKnownFileType = sourcecode.swift; path = Wiggle.swift; sourceTree = "<group>"; };
/* End PBXFileReference section */

/* Begin PBXFrameworksBuildPhase section */
		65DC7AD329F5528B008FB96E /* Frameworks */ = {
			isa = PBXFrameworksBuildPhase;
			buildActionMask = 2147483647;
			files = (
			);
			runOnlyForDeploymentPostprocessing = 0;
		};
		65DC7AE329F5528C008FB96E /* Frameworks */ = {
			isa = PBXFrameworksBuildPhase;
			buildActionMask = 2147483647;
			files = (
			);
			runOnlyForDeploymentPostprocessing = 0;
		};
/* End PBXFrameworksBuildPhase section */

/* Begin PBXGroup section */
		650506B829FF68D20009AB1E /* Confetti */ = {
			isa = PBXGroup;
			children = (
				650506BB29FF6A1A0009AB1E /* ConfettiView.swift */,
				650506B629FF67960009AB1E /* ConfettiItemView.swift */,
			);
			path = Confetti;
			sourceTree = "<group>";
		};
		65A8DDBA29F78B9900D291C3 /* InputWheel */ = {
			isa = PBXGroup;
			children = (
				65A8DDBB29F78F3000D291C3 /* InputWheelView.swift */,
				65A8DDB729F6F03100D291C3 /* InputWheelBackground.swift */,
				6555418029FE748000F44DBC /* SelectedWordLines.swift */,
				65E04B2B29FFD8C500565A16 /* SelectedWordDisplay.swift */,
				65A8DDC129F7B1B100D291C3 /* InputLetterView.swift */,
			);
			path = InputWheel;
			sourceTree = "<group>";
		};
		65A8DDEE29FCF61200D291C3 /* Extensions */ = {
			isa = PBXGroup;
			children = (
				65A8DDEF29FCF62900D291C3 /* StringExtensions.swift */,
			);
			path = Extensions;
			sourceTree = "<group>";
		};
		65A8DDF129FCF98000D291C3 /* Crossword */ = {
			isa = PBXGroup;
			children = (
				65A8DDA529F57E3600D291C3 /* CrosswordView.swift */,
				65A8DD9F29F56E4500D291C3 /* TileView.swift */,
				65A8DE2329FD079C00D291C3 /* TileBackground.swift */,
			);
			path = Crossword;
			sourceTree = "<group>";
		};
		65A8DDF229FCF9AD00D291C3 /* Generator */ = {
			isa = PBXGroup;
			children = (
				65DC7B0C29F55332008FB96E /* Generator.swift */,
				65DC7B0629F5531B008FB96E /* Board.swift */,
				65DC7B0F29F55336008FB96E /* Matrix.swift */,
			);
			path = Generator;
			sourceTree = "<group>";
		};
		65A8DE0229FCFB1300D291C3 /* Crossword */ = {
			isa = PBXGroup;
			children = (
				65A8DDB329F6907B00D291C3 /* TileBoard.swift */,
				65A8DE0329FCFB2F00D291C3 /* TileRow.swift */,
				65A8DE0629FCFB5300D291C3 /* TileCell.swift */,
				65A8DE0929FCFB8200D291C3 /* TileBoardWord.swift */,
			);
			path = Crossword;
			sourceTree = "<group>";
		};
		65A8DE0C29FCFE4F00D291C3 /* Input */ = {
			isa = PBXGroup;
			children = (
				65E04B2F2A00D08D00565A16 /* InputWheel.swift */,
				6555417629FE1FF300F44DBC /* InputWord.swift */,
				65A8DDBF29F79CCB00D291C3 /* InputLetter.swift */,
				65E04B2D2A00CB6E00565A16 /* InputLetterPosition.swift */,
				6555417829FE2D2A00F44DBC /* Selection.swift */,
			);
			path = Input;
			sourceTree = "<group>";
		};
		65A8DE1329FCFFCA00D291C3 /* Resources */ = {
			isa = PBXGroup;
			children = (
				65A8DE1729FCFFFD00D291C3 /* wlf2.txt */,
				65A8DE1429FCFFFD00D291C3 /* wlf3.txt */,
				65A8DE1629FCFFFD00D291C3 /* wlf4.txt */,
				65A8DE1829FCFFFD00D291C3 /* wlf5.txt */,
				65A8DE1529FCFFFD00D291C3 /* wlf6.txt */,
			);
			path = Resources;
			sourceTree = "<group>";
		};
		65DC7ACD29F5528B008FB96E = {
			isa = PBXGroup;
			children = (
				65DC7AD829F5528B008FB96E /* Kos */,
				65DC7AE929F5528C008FB96E /* KosTests */,
				65DC7AD729F5528B008FB96E /* Products */,
			);
			sourceTree = "<group>";
		};
		65DC7AD729F5528B008FB96E /* Products */ = {
			isa = PBXGroup;
			children = (
				65DC7AD629F5528B008FB96E /* Kos.app */,
				65DC7AE629F5528C008FB96E /* KosTests.xctest */,
			);
			name = Products;
			sourceTree = "<group>";
		};
		65DC7AD829F5528B008FB96E /* Kos */ = {
			isa = PBXGroup;
			children = (
				65DC7AD929F5528B008FB96E /* KosApp.swift */,
				65DC7B0429F552C2008FB96E /* Views */,
				65DC7B0329F5529C008FB96E /* Model */,
				65A8DDEE29FCF61200D291C3 /* Extensions */,
				65DC7ADD29F5528C008FB96E /* Assets.xcassets */,
				65A8DE1329FCFFCA00D291C3 /* Resources */,
				65DC7ADF29F5528C008FB96E /* Preview Content */,
			);
			path = Kos;
			sourceTree = "<group>";
		};
		65DC7ADF29F5528C008FB96E /* Preview Content */ = {
			isa = PBXGroup;
			children = (
				65DC7AE029F5528C008FB96E /* Preview Assets.xcassets */,
			);
			path = "Preview Content";
			sourceTree = "<group>";
		};
		65DC7AE929F5528C008FB96E /* KosTests */ = {
			isa = PBXGroup;
			children = (
				65DC7AEA29F5528C008FB96E /* KosTests.swift */,
				6555417029FD258100F44DBC /* WordListTest.swift */,
				6555417229FD263800F44DBC /* TileBoardTest.swift */,
				6555417A29FE38CB00F44DBC /* SelectionTest.swift */,
				6555417E29FE3D2C00F44DBC /* InputWordTest.swift */,
			);
			path = KosTests;
			sourceTree = "<group>";
		};
		65DC7B0329F5529C008FB96E /* Model */ = {
			isa = PBXGroup;
			children = (
				65A8DDAF29F63B6100D291C3 /* GameData.swift */,
				65A8DDB129F640FB00D291C3 /* Game.swift */,
				65A8DE0D29FCFEDF00D291C3 /* GameConfig.swift */,
				65A8DDBD29F7957B00D291C3 /* GameColors.swift */,
				65DC7B0929F5532D008FB96E /* WordList.swift */,
				650506B929FF68FD0009AB1E /* Confetti.swift */,
				65A8DDF229FCF9AD00D291C3 /* Generator */,
				65A8DE0229FCFB1300D291C3 /* Crossword */,
				65A8DE0C29FCFE4F00D291C3 /* Input */,
			);
			path = Model;
			sourceTree = "<group>";
		};
		65DC7B0429F552C2008FB96E /* Views */ = {
			isa = PBXGroup;
			children = (
				65E04B312A0222B000565A16 /* Helpers */,
				65DC7ADB29F5528B008FB96E /* ContentView.swift */,
				650506BD29FFCB490009AB1E /* LevelDisplay.swift */,
				65A8DDF129FCF98000D291C3 /* Crossword */,
				65A8DDBA29F78B9900D291C3 /* InputWheel */,
				650506B829FF68D20009AB1E /* Confetti */,
			);
			path = Views;
			sourceTree = "<group>";
		};
		65E04B312A0222B000565A16 /* Helpers */ = {
			isa = PBXGroup;
			children = (
				65E04B322A0222CE00565A16 /* Wiggle.swift */,
			);
			path = Helpers;
			sourceTree = "<group>";
		};
/* End PBXGroup section */

/* Begin PBXNativeTarget section */
		65DC7AD529F5528B008FB96E /* Kos */ = {
			isa = PBXNativeTarget;
			buildConfigurationList = 65DC7AFA29F5528C008FB96E /* Build configuration list for PBXNativeTarget "Kos" */;
			buildPhases = (
				65DC7AD229F5528B008FB96E /* Sources */,
				65DC7AD329F5528B008FB96E /* Frameworks */,
				65DC7AD429F5528B008FB96E /* Resources */,
			);
			buildRules = (
			);
			dependencies = (
			);
			name = Kos;
			productName = Kos;
			productReference = 65DC7AD629F5528B008FB96E /* Kos.app */;
			productType = "com.apple.product-type.application";
		};
		65DC7AE529F5528C008FB96E /* KosTests */ = {
			isa = PBXNativeTarget;
			buildConfigurationList = 65DC7AFD29F5528C008FB96E /* Build configuration list for PBXNativeTarget "KosTests" */;
			buildPhases = (
				65DC7AE229F5528C008FB96E /* Sources */,
				65DC7AE329F5528C008FB96E /* Frameworks */,
				65DC7AE429F5528C008FB96E /* Resources */,
			);
			buildRules = (
			);
			dependencies = (
				65DC7AE829F5528C008FB96E /* PBXTargetDependency */,
			);
			name = KosTests;
			productName = KosTests;
			productReference = 65DC7AE629F5528C008FB96E /* KosTests.xctest */;
			productType = "com.apple.product-type.bundle.unit-test";
		};
/* End PBXNativeTarget section */

/* Begin PBXProject section */
		65DC7ACE29F5528B008FB96E /* Project object */ = {
			isa = PBXProject;
			attributes = {
				BuildIndependentTargetsInParallel = 1;
				LastSwiftUpdateCheck = 1430;
				LastUpgradeCheck = 1430;
				TargetAttributes = {
					65DC7AD529F5528B008FB96E = {
						CreatedOnToolsVersion = 14.3;
					};
					65DC7AE529F5528C008FB96E = {
						CreatedOnToolsVersion = 14.3;
						TestTargetID = 65DC7AD529F5528B008FB96E;
					};
				};
			};
			buildConfigurationList = 65DC7AD129F5528B008FB96E /* Build configuration list for PBXProject "Kos" */;
			compatibilityVersion = "Xcode 14.0";
			developmentRegion = en;
			hasScannedForEncodings = 0;
			knownRegions = (
				en,
				Base,
			);
			mainGroup = 65DC7ACD29F5528B008FB96E;
			productRefGroup = 65DC7AD729F5528B008FB96E /* Products */;
			projectDirPath = "";
			projectRoot = "";
			targets = (
				65DC7AD529F5528B008FB96E /* Kos */,
				65DC7AE529F5528C008FB96E /* KosTests */,
			);
		};
/* End PBXProject section */

/* Begin PBXResourcesBuildPhase section */
		65DC7AD429F5528B008FB96E /* Resources */ = {
			isa = PBXResourcesBuildPhase;
			buildActionMask = 2147483647;
			files = (
				65DC7AE129F5528C008FB96E /* Preview Assets.xcassets in Resources */,
				65A8DE1F29FCFFFD00D291C3 /* wlf2.txt in Resources */,
				65A8DE1B29FCFFFD00D291C3 /* wlf6.txt in Resources */,
				65A8DE1929FCFFFD00D291C3 /* wlf3.txt in Resources */,
				65DC7ADE29F5528C008FB96E /* Assets.xcassets in Resources */,
				65A8DE1D29FCFFFD00D291C3 /* wlf4.txt in Resources */,
				65A8DE2129FCFFFD00D291C3 /* wlf5.txt in Resources */,
			);
			runOnlyForDeploymentPostprocessing = 0;
		};
		65DC7AE429F5528C008FB96E /* Resources */ = {
			isa = PBXResourcesBuildPhase;
			buildActionMask = 2147483647;
			files = (
				65A8DE1A29FCFFFD00D291C3 /* wlf3.txt in Resources */,
				65A8DE2029FCFFFD00D291C3 /* wlf2.txt in Resources */,
				65A8DE1E29FCFFFD00D291C3 /* wlf4.txt in Resources */,
				65A8DE1C29FCFFFD00D291C3 /* wlf6.txt in Resources */,
				65A8DE2229FCFFFD00D291C3 /* wlf5.txt in Resources */,
			);
			runOnlyForDeploymentPostprocessing = 0;
		};
/* End PBXResourcesBuildPhase section */

/* Begin PBXSourcesBuildPhase section */
		65DC7AD229F5528B008FB96E /* Sources */ = {
			isa = PBXSourcesBuildPhase;
			buildActionMask = 2147483647;
			files = (
				65DC7ADC29F5528B008FB96E /* ContentView.swift in Sources */,
				650506BE29FFCB490009AB1E /* LevelDisplay.swift in Sources */,
				65A8DE0E29FCFEDF00D291C3 /* GameConfig.swift in Sources */,
				650506BC29FF6A1A0009AB1E /* ConfettiView.swift in Sources */,
				65DC7B0A29F5532D008FB96E /* WordList.swift in Sources */,
				65DC7B1029F55336008FB96E /* Matrix.swift in Sources */,
				65A8DDB429F6907B00D291C3 /* TileBoard.swift in Sources */,
				65A8DDA029F56E4500D291C3 /* TileView.swift in Sources */,
				65E04B2E2A00CB6E00565A16 /* InputLetterPosition.swift in Sources */,
				65A8DDB829F6F03100D291C3 /* InputWheelBackground.swift in Sources */,
				65A8DE0429FCFB2F00D291C3 /* TileRow.swift in Sources */,
				6555418129FE748000F44DBC /* SelectedWordLines.swift in Sources */,
				65A8DDA629F57E3600D291C3 /* CrosswordView.swift in Sources */,
				6555417729FE1FF300F44DBC /* InputWord.swift in Sources */,
				65A8DDB229F640FB00D291C3 /* Game.swift in Sources */,
				65A8DDBE29F7957B00D291C3 /* GameColors.swift in Sources */,
				65E04B332A0222CE00565A16 /* Wiggle.swift in Sources */,
				65E04B302A00D08D00565A16 /* InputWheel.swift in Sources */,
				65A8DE2429FD079C00D291C3 /* TileBackground.swift in Sources */,
				65DC7ADA29F5528B008FB96E /* KosApp.swift in Sources */,
				65A8DE0A29FCFB8200D291C3 /* TileBoardWord.swift in Sources */,
				65A8DDC229F7B1B100D291C3 /* InputLetterView.swift in Sources */,
				65A8DDB029F63B6100D291C3 /* GameData.swift in Sources */,
				65A8DDC029F79CCB00D291C3 /* InputLetter.swift in Sources */,
				65DC7B0729F5531B008FB96E /* Board.swift in Sources */,
				650506BA29FF68FD0009AB1E /* Confetti.swift in Sources */,
				65E04B2C29FFD8C500565A16 /* SelectedWordDisplay.swift in Sources */,
				65DC7B0D29F55332008FB96E /* Generator.swift in Sources */,
				65A8DDBC29F78F3000D291C3 /* InputWheelView.swift in Sources */,
				6555417929FE2D2A00F44DBC /* Selection.swift in Sources */,
				65A8DDF029FCF62900D291C3 /* StringExtensions.swift in Sources */,
				650506B729FF67960009AB1E /* ConfettiItemView.swift in Sources */,
				65A8DE0729FCFB5300D291C3 /* TileCell.swift in Sources */,
			);
			runOnlyForDeploymentPostprocessing = 0;
		};
		65DC7AE229F5528C008FB96E /* Sources */ = {
			isa = PBXSourcesBuildPhase;
			buildActionMask = 2147483647;
			files = (
				6555417C29FE391E00F44DBC /* InputWord.swift in Sources */,
				6555417D29FE391E00F44DBC /* Selection.swift in Sources */,
				6555416E29FD24FC00F44DBC /* InputLetter.swift in Sources */,
				6555416F29FD24FC00F44DBC /* StringExtensions.swift in Sources */,
				6555416C29FD24F100F44DBC /* Game.swift in Sources */,
				6555416D29FD24F100F44DBC /* GameColors.swift in Sources */,
				6555416A29FD24E100F44DBC /* TileBoard.swift in Sources */,
				65A8DE0B29FCFB8200D291C3 /* TileBoardWord.swift in Sources */,
				65A8DE0F29FCFEDF00D291C3 /* GameConfig.swift in Sources */,
				6555417129FD258100F44DBC /* WordListTest.swift in Sources */,
				65A8DE0529FCFB2F00D291C3 /* TileRow.swift in Sources */,
				65A8DE0829FCFB5300D291C3 /* TileCell.swift in Sources */,
				65DC7B0829F5531B008FB96E /* Board.swift in Sources */,
				6555417329FD263800F44DBC /* TileBoardTest.swift in Sources */,
				65DC7B1129F55336008FB96E /* Matrix.swift in Sources */,
				65DC7B0E29F55332008FB96E /* Generator.swift in Sources */,
				65DC7AEB29F5528C008FB96E /* KosTests.swift in Sources */,
				65DC7B0B29F5532D008FB96E /* WordList.swift in Sources */,
				6555417F29FE3D2C00F44DBC /* InputWordTest.swift in Sources */,
				6555417B29FE38CB00F44DBC /* SelectionTest.swift in Sources */,
				65A8DE2529FD079C00D291C3 /* TileBackground.swift in Sources */,
			);
			runOnlyForDeploymentPostprocessing = 0;
		};
/* End PBXSourcesBuildPhase section */

/* Begin PBXTargetDependency section */
		65DC7AE829F5528C008FB96E /* PBXTargetDependency */ = {
			isa = PBXTargetDependency;
			target = 65DC7AD529F5528B008FB96E /* Kos */;
			targetProxy = 65DC7AE729F5528C008FB96E /* PBXContainerItemProxy */;
		};
/* End PBXTargetDependency section */

/* Begin XCBuildConfiguration section */
		65DC7AF829F5528C008FB96E /* Debug */ = {
			isa = XCBuildConfiguration;
			buildSettings = {
				ALWAYS_SEARCH_USER_PATHS = NO;
				CLANG_ANALYZER_NONNULL = YES;
				CLANG_ANALYZER_NUMBER_OBJECT_CONVERSION = YES_AGGRESSIVE;
				CLANG_CXX_LANGUAGE_STANDARD = "gnu++20";
				CLANG_ENABLE_MODULES = YES;
				CLANG_ENABLE_OBJC_ARC = YES;
				CLANG_ENABLE_OBJC_WEAK = YES;
				CLANG_WARN_BLOCK_CAPTURE_AUTORELEASING = YES;
				CLANG_WARN_BOOL_CONVERSION = YES;
				CLANG_WARN_COMMA = YES;
				CLANG_WARN_CONSTANT_CONVERSION = YES;
				CLANG_WARN_DEPRECATED_OBJC_IMPLEMENTATIONS = YES;
				CLANG_WARN_DIRECT_OBJC_ISA_USAGE = YES_ERROR;
				CLANG_WARN_DOCUMENTATION_COMMENTS = YES;
				CLANG_WARN_EMPTY_BODY = YES;
				CLANG_WARN_ENUM_CONVERSION = YES;
				CLANG_WARN_INFINITE_RECURSION = YES;
				CLANG_WARN_INT_CONVERSION = YES;
				CLANG_WARN_NON_LITERAL_NULL_CONVERSION = YES;
				CLANG_WARN_OBJC_IMPLICIT_RETAIN_SELF = YES;
				CLANG_WARN_OBJC_LITERAL_CONVERSION = YES;
				CLANG_WARN_OBJC_ROOT_CLASS = YES_ERROR;
				CLANG_WARN_QUOTED_INCLUDE_IN_FRAMEWORK_HEADER = YES;
				CLANG_WARN_RANGE_LOOP_ANALYSIS = YES;
				CLANG_WARN_STRICT_PROTOTYPES = YES;
				CLANG_WARN_SUSPICIOUS_MOVE = YES;
				CLANG_WARN_UNGUARDED_AVAILABILITY = YES_AGGRESSIVE;
				CLANG_WARN_UNREACHABLE_CODE = YES;
				CLANG_WARN__DUPLICATE_METHOD_MATCH = YES;
				COPY_PHASE_STRIP = NO;
				DEBUG_INFORMATION_FORMAT = dwarf;
				ENABLE_STRICT_OBJC_MSGSEND = YES;
				ENABLE_TESTABILITY = YES;
				GCC_C_LANGUAGE_STANDARD = gnu11;
				GCC_DYNAMIC_NO_PIC = NO;
				GCC_NO_COMMON_BLOCKS = YES;
				GCC_OPTIMIZATION_LEVEL = 0;
				GCC_PREPROCESSOR_DEFINITIONS = (
					"DEBUG=1",
					"$(inherited)",
				);
				GCC_WARN_64_TO_32_BIT_CONVERSION = YES;
				GCC_WARN_ABOUT_RETURN_TYPE = YES_ERROR;
				GCC_WARN_UNDECLARED_SELECTOR = YES;
				GCC_WARN_UNINITIALIZED_AUTOS = YES_AGGRESSIVE;
				GCC_WARN_UNUSED_FUNCTION = YES;
				GCC_WARN_UNUSED_VARIABLE = YES;
				IPHONEOS_DEPLOYMENT_TARGET = 16.4;
				MTL_ENABLE_DEBUG_INFO = INCLUDE_SOURCE;
				MTL_FAST_MATH = YES;
				ONLY_ACTIVE_ARCH = YES;
				SDKROOT = iphoneos;
				SWIFT_ACTIVE_COMPILATION_CONDITIONS = DEBUG;
				SWIFT_OPTIMIZATION_LEVEL = "-Onone";
			};
			name = Debug;
		};
		65DC7AF929F5528C008FB96E /* Release */ = {
			isa = XCBuildConfiguration;
			buildSettings = {
				ALWAYS_SEARCH_USER_PATHS = NO;
				CLANG_ANALYZER_NONNULL = YES;
				CLANG_ANALYZER_NUMBER_OBJECT_CONVERSION = YES_AGGRESSIVE;
				CLANG_CXX_LANGUAGE_STANDARD = "gnu++20";
				CLANG_ENABLE_MODULES = YES;
				CLANG_ENABLE_OBJC_ARC = YES;
				CLANG_ENABLE_OBJC_WEAK = YES;
				CLANG_WARN_BLOCK_CAPTURE_AUTORELEASING = YES;
				CLANG_WARN_BOOL_CONVERSION = YES;
				CLANG_WARN_COMMA = YES;
				CLANG_WARN_CONSTANT_CONVERSION = YES;
				CLANG_WARN_DEPRECATED_OBJC_IMPLEMENTATIONS = YES;
				CLANG_WARN_DIRECT_OBJC_ISA_USAGE = YES_ERROR;
				CLANG_WARN_DOCUMENTATION_COMMENTS = YES;
				CLANG_WARN_EMPTY_BODY = YES;
				CLANG_WARN_ENUM_CONVERSION = YES;
				CLANG_WARN_INFINITE_RECURSION = YES;
				CLANG_WARN_INT_CONVERSION = YES;
				CLANG_WARN_NON_LITERAL_NULL_CONVERSION = YES;
				CLANG_WARN_OBJC_IMPLICIT_RETAIN_SELF = YES;
				CLANG_WARN_OBJC_LITERAL_CONVERSION = YES;
				CLANG_WARN_OBJC_ROOT_CLASS = YES_ERROR;
				CLANG_WARN_QUOTED_INCLUDE_IN_FRAMEWORK_HEADER = YES;
				CLANG_WARN_RANGE_LOOP_ANALYSIS = YES;
				CLANG_WARN_STRICT_PROTOTYPES = YES;
				CLANG_WARN_SUSPICIOUS_MOVE = YES;
				CLANG_WARN_UNGUARDED_AVAILABILITY = YES_AGGRESSIVE;
				CLANG_WARN_UNREACHABLE_CODE = YES;
				CLANG_WARN__DUPLICATE_METHOD_MATCH = YES;
				COPY_PHASE_STRIP = NO;
				DEBUG_INFORMATION_FORMAT = "dwarf-with-dsym";
				ENABLE_NS_ASSERTIONS = NO;
				ENABLE_STRICT_OBJC_MSGSEND = YES;
				GCC_C_LANGUAGE_STANDARD = gnu11;
				GCC_NO_COMMON_BLOCKS = YES;
				GCC_WARN_64_TO_32_BIT_CONVERSION = YES;
				GCC_WARN_ABOUT_RETURN_TYPE = YES_ERROR;
				GCC_WARN_UNDECLARED_SELECTOR = YES;
				GCC_WARN_UNINITIALIZED_AUTOS = YES_AGGRESSIVE;
				GCC_WARN_UNUSED_FUNCTION = YES;
				GCC_WARN_UNUSED_VARIABLE = YES;
				IPHONEOS_DEPLOYMENT_TARGET = 16.4;
				MTL_ENABLE_DEBUG_INFO = NO;
				MTL_FAST_MATH = YES;
				SDKROOT = iphoneos;
				SWIFT_COMPILATION_MODE = wholemodule;
				SWIFT_OPTIMIZATION_LEVEL = "-O";
				VALIDATE_PRODUCT = YES;
			};
			name = Release;
		};
		65DC7AFB29F5528C008FB96E /* Debug */ = {
			isa = XCBuildConfiguration;
			buildSettings = {
				ASSETCATALOG_COMPILER_APPICON_NAME = AppIcon;
				ASSETCATALOG_COMPILER_GLOBAL_ACCENT_COLOR_NAME = AccentColor;
				CODE_SIGN_STYLE = Automatic;
				CURRENT_PROJECT_VERSION = 1;
				DEVELOPMENT_ASSET_PATHS = "\"Kos/Preview Content\"";
				DEVELOPMENT_TEAM = DVCWK5VPZN;
				ENABLE_PREVIEWS = YES;
				GENERATE_INFOPLIST_FILE = YES;
				INFOPLIST_KEY_LSApplicationCategoryType = "public.app-category.word-games";
				INFOPLIST_KEY_UIApplicationSceneManifest_Generation = YES;
				INFOPLIST_KEY_UIApplicationSupportsIndirectInputEvents = YES;
				INFOPLIST_KEY_UILaunchScreen_Generation = YES;
				INFOPLIST_KEY_UIRequiresFullScreen = YES;
				INFOPLIST_KEY_UISupportedInterfaceOrientations = UIInterfaceOrientationPortrait;
				IPHONEOS_DEPLOYMENT_TARGET = 17.0;
				LD_RUNPATH_SEARCH_PATHS = (
					"$(inherited)",
					"@executable_path/Frameworks",
				);
				MARKETING_VERSION = 1.0;
				PRODUCT_BUNDLE_IDENTIFIER = AndrettiRapido.Kos;
				PRODUCT_NAME = "$(TARGET_NAME)";
				SUPPORTED_PLATFORMS = "iphoneos iphonesimulator";
				SUPPORTS_MACCATALYST = NO;
				SUPPORTS_MAC_DESIGNED_FOR_IPHONE_IPAD = NO;
				SWIFT_EMIT_LOC_STRINGS = YES;
				SWIFT_VERSION = 5.0;
				TARGETED_DEVICE_FAMILY = 1;
			};
			name = Debug;
		};
		65DC7AFC29F5528C008FB96E /* Release */ = {
			isa = XCBuildConfiguration;
			buildSettings = {
				ASSETCATALOG_COMPILER_APPICON_NAME = AppIcon;
				ASSETCATALOG_COMPILER_GLOBAL_ACCENT_COLOR_NAME = AccentColor;
				CODE_SIGN_STYLE = Automatic;
				CURRENT_PROJECT_VERSION = 1;
				DEVELOPMENT_ASSET_PATHS = "\"Kos/Preview Content\"";
				DEVELOPMENT_TEAM = DVCWK5VPZN;
				ENABLE_PREVIEWS = YES;
				GENERATE_INFOPLIST_FILE = YES;
				INFOPLIST_KEY_LSApplicationCategoryType = "public.app-category.word-games";
				INFOPLIST_KEY_UIApplicationSceneManifest_Generation = YES;
				INFOPLIST_KEY_UIApplicationSupportsIndirectInputEvents = YES;
				INFOPLIST_KEY_UILaunchScreen_Generation = YES;
				INFOPLIST_KEY_UIRequiresFullScreen = YES;
				INFOPLIST_KEY_UISupportedInterfaceOrientations = UIInterfaceOrientationPortrait;
				IPHONEOS_DEPLOYMENT_TARGET = 17.0;
				LD_RUNPATH_SEARCH_PATHS = (
					"$(inherited)",
					"@executable_path/Frameworks",
				);
				MARKETING_VERSION = 1.0;
				PRODUCT_BUNDLE_IDENTIFIER = AndrettiRapido.Kos;
				PRODUCT_NAME = "$(TARGET_NAME)";
				SUPPORTED_PLATFORMS = "iphoneos iphonesimulator";
				SUPPORTS_MACCATALYST = NO;
				SUPPORTS_MAC_DESIGNED_FOR_IPHONE_IPAD = NO;
				SWIFT_EMIT_LOC_STRINGS = YES;
				SWIFT_VERSION = 5.0;
				TARGETED_DEVICE_FAMILY = 1;
			};
			name = Release;
		};
		65DC7AFE29F5528C008FB96E /* Debug */ = {
			isa = XCBuildConfiguration;
			buildSettings = {
				ALWAYS_EMBED_SWIFT_STANDARD_LIBRARIES = YES;
				BUNDLE_LOADER = "$(TEST_HOST)";
				CODE_SIGN_STYLE = Automatic;
				CURRENT_PROJECT_VERSION = 1;
				GENERATE_INFOPLIST_FILE = YES;
				IPHONEOS_DEPLOYMENT_TARGET = 16.4;
				MARKETING_VERSION = 1.0;
				PRODUCT_BUNDLE_IDENTIFIER = AndrettiRapido.KosTests;
				PRODUCT_NAME = "$(TARGET_NAME)";
				SWIFT_EMIT_LOC_STRINGS = NO;
				SWIFT_VERSION = 5.0;
				TARGETED_DEVICE_FAMILY = "1,2";
				TEST_HOST = "$(BUILT_PRODUCTS_DIR)/Kos.app/$(BUNDLE_EXECUTABLE_FOLDER_PATH)/Kos";
			};
			name = Debug;
		};
		65DC7AFF29F5528C008FB96E /* Release */ = {
			isa = XCBuildConfiguration;
			buildSettings = {
				ALWAYS_EMBED_SWIFT_STANDARD_LIBRARIES = YES;
				BUNDLE_LOADER = "$(TEST_HOST)";
				CODE_SIGN_STYLE = Automatic;
				CURRENT_PROJECT_VERSION = 1;
				GENERATE_INFOPLIST_FILE = YES;
				IPHONEOS_DEPLOYMENT_TARGET = 16.4;
				MARKETING_VERSION = 1.0;
				PRODUCT_BUNDLE_IDENTIFIER = AndrettiRapido.KosTests;
				PRODUCT_NAME = "$(TARGET_NAME)";
				SWIFT_EMIT_LOC_STRINGS = NO;
				SWIFT_VERSION = 5.0;
				TARGETED_DEVICE_FAMILY = "1,2";
				TEST_HOST = "$(BUILT_PRODUCTS_DIR)/Kos.app/$(BUNDLE_EXECUTABLE_FOLDER_PATH)/Kos";
			};
			name = Release;
		};
/* End XCBuildConfiguration section */

/* Begin XCConfigurationList section */
		65DC7AD129F5528B008FB96E /* Build configuration list for PBXProject "Kos" */ = {
			isa = XCConfigurationList;
			buildConfigurations = (
				65DC7AF829F5528C008FB96E /* Debug */,
				65DC7AF929F5528C008FB96E /* Release */,
			);
			defaultConfigurationIsVisible = 0;
			defaultConfigurationName = Release;
		};
		65DC7AFA29F5528C008FB96E /* Build configuration list for PBXNativeTarget "Kos" */ = {
			isa = XCConfigurationList;
			buildConfigurations = (
				65DC7AFB29F5528C008FB96E /* Debug */,
				65DC7AFC29F5528C008FB96E /* Release */,
			);
			defaultConfigurationIsVisible = 0;
			defaultConfigurationName = Release;
		};
		65DC7AFD29F5528C008FB96E /* Build configuration list for PBXNativeTarget "KosTests" */ = {
			isa = XCConfigurationList;
			buildConfigurations = (
				65DC7AFE29F5528C008FB96E /* Debug */,
				65DC7AFF29F5528C008FB96E /* Release */,
			);
			defaultConfigurationIsVisible = 0;
			defaultConfigurationName = Release;
		};
/* End XCConfigurationList section */
	};
	rootObject = 65DC7ACE29F5528B008FB96E /* Project object */;
}
